
Microsoft Visual Studio Solution File, Format Version 12.00
# Visual Studio Version 16
VisualStudioVersion = 16.0.30114.105
MinimumVisualStudioVersion = 10.0.40219.1
Project("{FAE04EC0-301F-11D3-BF4B-00C04F79EFBC}") = "API", "API\API.csproj", "{D789039E-33B5-4600-97A4-2CECCCB7B720}"
EndProject
Project("{FAE04EC0-301F-11D3-BF4B-00C04F79EFBC}") = "Application", "Application\Application.csproj", "{270B58B4-F6CA-4A0D-BDD4-3341E9ED5BBE}"
EndProject
Project("{FAE04EC0-301F-11D3-BF4B-00C04F79EFBC}") = "Persistence", "Persistence\Persistence.csproj", "{A6A80394-9750-4029-869E-4C4481900786}"
EndProject
Project("{FAE04EC0-301F-11D3-BF4B-00C04F79EFBC}") = "Domain", "Domain\Domain.csproj", "{52565A84-8039-4276-A24E-F964983E8998}"
EndProject
Global
	GlobalSection(SolutionConfigurationPlatforms) = preSolution
		Debug|Any CPU = Debug|Any CPU
		Release|Any CPU = Release|Any CPU
	EndGlobalSection
	GlobalSection(SolutionProperties) = preSolution
		HideSolutionNode = FALSE
	EndGlobalSection
	GlobalSection(ProjectConfigurationPlatforms) = postSolution
		{D789039E-33B5-4600-97A4-2CECCCB7B720}.Debug|Any CPU.ActiveCfg = Debug|Any CPU
		{D789039E-33B5-4600-97A4-2CECCCB7B720}.Debug|Any CPU.Build.0 = Debug|Any CPU
		{D789039E-33B5-4600-97A4-2CECCCB7B720}.Release|Any CPU.ActiveCfg = Release|Any CPU
		{D789039E-33B5-4600-97A4-2CECCCB7B720}.Release|Any CPU.Build.0 = Release|Any CPU
		{270B58B4-F6CA-4A0D-BDD4-3341E9ED5BBE}.Debug|Any CPU.ActiveCfg = Debug|Any CPU
		{270B58B4-F6CA-4A0D-BDD4-3341E9ED5BBE}.Debug|Any CPU.Build.0 = Debug|Any CPU
		{270B58B4-F6CA-4A0D-BDD4-3341E9ED5BBE}.Release|Any CPU.ActiveCfg = Release|Any CPU
		{270B58B4-F6CA-4A0D-BDD4-3341E9ED5BBE}.Release|Any CPU.Build.0 = Release|Any CPU
		{A6A80394-9750-4029-869E-4C4481900786}.Debug|Any CPU.ActiveCfg = Debug|Any CPU
		{A6A80394-9750-4029-869E-4C4481900786}.Debug|Any CPU.Build.0 = Debug|Any CPU
		{A6A80394-9750-4029-869E-4C4481900786}.Release|Any CPU.ActiveCfg = Release|Any CPU
		{A6A80394-9750-4029-869E-4C4481900786}.Release|Any CPU.Build.0 = Release|Any CPU
		{52565A84-8039-4276-A24E-F964983E8998}.Debug|Any CPU.ActiveCfg = Debug|Any CPU
		{52565A84-8039-4276-A24E-F964983E8998}.Debug|Any CPU.Build.0 = Debug|Any CPU
		{52565A84-8039-4276-A24E-F964983E8998}.Release|Any CPU.ActiveCfg = Release|Any CPU
		{52565A84-8039-4276-A24E-F964983E8998}.Release|Any CPU.Build.0 = Release|Any CPU
	EndGlobalSection
EndGlobal
